{
  "originHash" : "485a1bef7f66e6c9a8c6f54100b4fbf9ef235dba37aa81bcd7c7177a610826dc",
  "pins" : [
    {
      "identity" : "countrypicker",
      "kind" : "remoteSourceControl",
      "location" : "https://github.com/mobven/CountryPicker.git",
      "state" : {
        "revision" : "6225c2933fea6abdb8171718b22bbe289706a7aa",
        "version" : "2.0.3"
      }
    },
    {
      "identity" : "phonenumberkit",
      "kind" : "remoteSourceControl",
      "location" : "https://github.com/marmelroy/PhoneNumberKit.git",
      "state" : {
        "revision" : "4ca759e952bb62162afb8448b3240a63becddd86",
        "version" : "4.0.1"
      }
    },
    {
      "identity" : "swiftmessages",
      "kind" : "remoteSourceControl",
      "location" : "https://github.com/SwiftKickMobile/SwiftMessages.git",
      "state" : {
        "revision" : "c544df6ce316422b9d65a571f932e800213dd09c",
        "version" : "10.0.1"
      }
    }
  ],
  "version" : 3
}
